
Microsoft Visual Studio Solution File, Format Version 12.00
# Visual Studio Version 17
VisualStudioVersion = 17.8.34316.72
MinimumVisualStudioVersion = 10.0.40219.1
Project("{9A19103F-16F7-4668-BE54-9A1E7A4F7556}") = "1001_Mens_Morris", "1001_Mens_Morris.csproj", "{8AB7D5EC-77BF-4E35-899B-AF3E83DC02EA}"
EndProject
Global
	GlobalSection(SolutionConfigurationPlatforms) = preSolution
		Debug|Any CPU = Debug|Any CPU
		ExportDebug|Any CPU = ExportDebug|Any CPU
		ExportRelease|Any CPU = ExportRelease|Any CPU
		Release|Any CPU = Release|Any CPU
	EndGlobalSection
	GlobalSection(ProjectConfigurationPlatforms) = postSolution
		{8AB7D5EC-77BF-4E35-899B-AF3E83DC02EA}.Debug|Any CPU.ActiveCfg = Debug|Any CPU
		{8AB7D5EC-77BF-4E35-899B-AF3E83DC02EA}.Debug|Any CPU.Build.0 = Debug|Any CPU
		{8AB7D5EC-77BF-4E35-899B-AF3E83DC02EA}.ExportDebug|Any CPU.ActiveCfg = ExportDebug|Any CPU
		{8AB7D5EC-77BF-4E35-899B-AF3E83DC02EA}.ExportDebug|Any CPU.Build.0 = ExportDebug|Any CPU
		{8AB7D5EC-77BF-4E35-899B-AF3E83DC02EA}.ExportRelease|Any CPU.ActiveCfg = ExportRelease|Any CPU
		{8AB7D5EC-77BF-4E35-899B-AF3E83DC02EA}.ExportRelease|Any CPU.Build.0 = ExportRelease|Any CPU
		{8AB7D5EC-77BF-4E35-899B-AF3E83DC02EA}.Release|Any CPU.ActiveCfg = ExportRelease|Any CPU
		{8AB7D5EC-77BF-4E35-899B-AF3E83DC02EA}.Release|Any CPU.Build.0 = ExportRelease|Any CPU
	EndGlobalSection
	GlobalSection(SolutionProperties) = preSolution
		HideSolutionNode = FALSE
	EndGlobalSection
EndGlobal
